# THIS IS AN AUTOGENERATED FILE. DO NOT EDIT THIS FILE DIRECTLY.
# yarn lockfile v1


ajv@^6.12.2:
  version "6.12.6"
  resolved "https://registry.npmmirror.com/ajv/-/ajv-6.12.6.tgz#baf5a62e802b07d977034586f8c3baf5adf26df4"
  integrity sha512-j3fVLgvTo527anyYyJOGTYJbG+vnnQYvE0m5mmkc1TK+nxAppkCLMIL0aZ4dblVCNoGShhm+kzE4ZUykBoMg4g==
  dependencies:
    fast-deep-equal "^3.1.1"
    fast-json-stable-stringify "^2.0.0"
    json-schema-traverse "^0.4.1"
    uri-js "^4.2.2"

argparse@^1.0.7:
  version "1.0.10"
  resolved "https://registry.npmmirror.com/argparse/-/argparse-1.0.10.tgz#bcd6791ea5ae09725e17e5ad988134cd40b3d911"
  integrity sha512-o5Roy6tNG4SL/FOkCAN6RzjiakZS25RLYFrcMttJqbdd8BWrnA+fGz57iN5Pb06pvBGvl5gQ0B48dJlslXvoTg==
  dependencies:
    sprintf-js "~1.0.2"

argparse@^2.0.1:
  version "2.0.1"
  resolved "https://registry.npmmirror.com/argparse/-/argparse-2.0.1.tgz#246f50f3ca78a3240f6c997e8a9bd1eac49e4b38"
  integrity sha512-8+9WqebbFzpX9OR+Wa6O29asIogeRMzcGtAINdpMHHyAg10f05aSFVBbcEqGf/PXw1EjAZ+q2/bEBg3DvurK3Q==

atlassian-openapi@^1.0.8:
  version "1.0.17"
  resolved "https://registry.npmmirror.com/atlassian-openapi/-/atlassian-openapi-1.0.17.tgz#968ade998b65f50fc0ff9f0780707301344a351b"
  integrity sha512-8aW0Xgl9mVdL9dCABSZAvCayMPyh6uVu86UzOat8Kc1qDMUtXn2OxcwDsJfm/qCtBSeZ+GE/PkFxx3ZRIp3hFg==
  dependencies:
    jsonpointer "^5.0.0"
    urijs "^1.19.10"

commander@^5.1.0:
  version "5.1.0"
  resolved "https://registry.npmmirror.com/commander/-/commander-5.1.0.tgz#46abbd1652f8e059bddaef99bbdcb2ad9cf179ae"
  integrity sha512-P0CysNDQ7rtVw4QIQtm+MRxV66vKFSvlsQvGYXZWR3qFU0jlMKHZZZgw8e+8DSah4UDKMqnknRDQz+xuQXQ/Zg==

es6-promise@^4.2.8:
  version "4.2.8"
  resolved "https://registry.npmmirror.com/es6-promise/-/es6-promise-4.2.8.tgz#4eb21594c972bc40553d276e510539143db53e0a"
  integrity sha512-HJDGx5daxeIvxdBxvG2cb9g4tEvwIk3i8+nhX0yGrYmZUzbkdg8QbDevheDB8gd0//uPj4c1EQua8Q+MViT0/w==

esprima@^4.0.0:
  version "4.0.1"
  resolved "https://registry.npmmirror.com/esprima/-/esprima-4.0.1.tgz#13b04cdb3e6c5d19df91ab6987a8695619b0aa71"
  integrity sha512-eGuFFw7Upda+g4p+QHvnW0RyTX/SVeJBDM/gCtMARO0cLuT2HcEKnTPvhjV6aGeqrCB/sbNop0Kszm0jsaWU4A==

fast-deep-equal@^3.1.1:
  version "3.1.3"
  resolved "https://registry.npmmirror.com/fast-deep-equal/-/fast-deep-equal-3.1.3.tgz#3a7d56b559d6cbc3eb512325244e619a65c6c525"
  integrity sha512-f3qQ9oQy9j2AhBe/H9VC91wLmKBCCU/gDOnKNAYG5hswO7BLKj09Hc5HYNz9cGI++xlpDCIgDaitVs03ATR84Q==

fast-json-stable-stringify@^2.0.0:
  version "2.1.0"
  resolved "https://registry.npmmirror.com/fast-json-stable-stringify/-/fast-json-stable-stringify-2.1.0.tgz#874bf69c6f404c2b5d99c481341399fd55892633"
  integrity sha512-lhd/wF+Lk98HZoTCtlVraHtfh5XYijIjalXck7saUtuanSDyLMxnHhSXEDJqHxD7msR8D0uCmqlkwjCV8xvwHw==

isomorphic-fetch@^3:
  version "3.0.0"
  resolved "https://registry.npmmirror.com/isomorphic-fetch/-/isomorphic-fetch-3.0.0.tgz#0267b005049046d2421207215d45d6a262b8b8b4"
  integrity sha512-qvUtwJ3j6qwsF3jLxkZ72qCgjMysPzDfeV240JHiGZsANBYd+EEuu35v7dfrJ9Up0Ak07D7GGSkGhCHTqg/5wA==
  dependencies:
    node-fetch "^2.6.1"
    whatwg-fetch "^3.4.1"

js-yaml@^3.14.0:
  version "3.14.2"
  resolved "https://registry.yarnpkg.com/js-yaml/-/js-yaml-3.14.2.tgz#77485ce1dd7f33c061fd1b16ecea23b55fcb04b0"
  integrity sha512-PMSmkqxr106Xa156c2M265Z+FTrPl+oxd/rgOQy2tijQeK5TxQ43psO1ZCwhVOSdnn+RzkzlRz/eY4BgJBYVpg==
  dependencies:
    argparse "^1.0.7"
    esprima "^4.0.0"

js-yaml@^4.1.1:
  version "4.1.1"
  resolved "https://registry.yarnpkg.com/js-yaml/-/js-yaml-4.1.1.tgz#854c292467705b699476e1a2decc0c8a3458806b"
  integrity sha512-qQKT4zQxXl8lLwBtHMWwaTcGfFOZviOJet3Oy/xmGk2gZH677CJM9EvtfdSkgWcATZhj/55JZ0rmy3myCT5lsA==
  dependencies:
    argparse "^2.0.1"

json-schema-traverse@^0.4.1:
  version "0.4.1"
  resolved "https://registry.npmmirror.com/json-schema-traverse/-/json-schema-traverse-0.4.1.tgz#69f6a87d9513ab8bb8fe63bdb0979c448e684660"
  integrity sha512-xbbCH5dCYU5T8LcEhhuh7HJ88HXuW3qsI3Y0zOZFKfZEHcpWiHU/Jxzk629Brsab/mMiHQti9wMP+845RPe3Vg==

jsonpointer@^5.0.0:
  version "5.0.0"
  resolved "https://registry.npmmirror.com/jsonpointer/-/jsonpointer-5.0.0.tgz#f802669a524ec4805fa7389eadbc9921d5dc8072"
  integrity sha512-PNYZIdMjVIvVgDSYKTT63Y+KZ6IZvGRNNWcxwD+GNnUz1MKPfv30J8ueCjdwcN0nDx2SlshgyB7Oy0epAzVRRg==

lodash@^4.17.15:
  version "4.17.21"
  resolved "https://registry.npmmirror.com/lodash/-/lodash-4.17.21.tgz#679591c564c3bffaae8454cf0b3df370c3d6911c"
  integrity sha512-v2kDEe57lecTulaDIuNTPy3Ry4gLGJ6Z1O3vE1krgXZNrsQ+LFTGHVxVjcXPs17LhbZVGedAJv8XZ1tvj5FvSg==

node-fetch@^2.6.1:
  version "2.6.7"
  resolved "https://registry.npmmirror.com/node-fetch/-/node-fetch-2.6.7.tgz#24de9fba827e3b4ae44dc8b20256a379160052ad"
  integrity sha512-ZjMPFEfVx5j+y2yF35Kzx5sF7kDzxuDj6ziH4FFbOp87zKDZNx8yExJIb05OGF4Nlt9IHFIMBkRl41VdvcNdbQ==
  dependencies:
    whatwg-url "^5.0.0"

openapi-merge-cli@^1.3.1:
  version "1.3.1"
  resolved "https://registry.npmmirror.com/openapi-merge-cli/-/openapi-merge-cli-1.3.1.tgz#396e6b082d93890c69670cf05dcdefe90e9115d9"
  integrity sha512-YGBkzuYrDc4kTMVoGrNTCI/eNCKtE5JcCGmcmkhtl0M7+hNXm4kP+n83ilZ+kCxa7/xicTj0cww/q1P4KxlQ8Q==
  dependencies:
    ajv "^6.12.2"
    commander "^5.1.0"
    es6-promise "^4.2.8"
    isomorphic-fetch "^3"
    js-yaml "^3.14.0"
    openapi-merge "^1.2.0"

openapi-merge@^1.2.0:
  version "1.3.2"
  resolved "https://registry.npmmirror.com/openapi-merge/-/openapi-merge-1.3.2.tgz#dc77a8e85ac63a5d7373eb63f05ab8b93ff78380"
  integrity sha512-qRWBwPMiKIUrAcKW6lstMPKpFEWy32dBbP1UjHH9jlWgw++2BCqOVbsjO5Wa4H1Ll3c4cn+lyi4TinUy8iswzw==
  dependencies:
    atlassian-openapi "^1.0.8"
    lodash "^4.17.15"
    ts-is-present "^1.1.1"

punycode@^2.1.0:
  version "2.1.1"
  resolved "https://registry.npmmirror.com/punycode/-/punycode-2.1.1.tgz#b58b010ac40c22c5657616c8d2c2c02c7bf479ec"
  integrity sha512-XRsRjdf+j5ml+y/6GKHPZbrF/8p2Yga0JPtdqTIY2Xe5ohJPD9saDJJLPvp9+NSBprVvevdXZybnj2cv8OEd0A==

sprintf-js@~1.0.2:
  version "1.0.3"
  resolved "https://registry.npmmirror.com/sprintf-js/-/sprintf-js-1.0.3.tgz#04e6926f662895354f3dd015203633b857297e2c"
  integrity sha512-D9cPgkvLlV3t3IzL0D0YLvGA9Ahk4PcvVwUbN0dSGr1aP0Nrt4AEnTUbuGvquEC0mA64Gqt1fzirlRs5ibXx8g==

tr46@~0.0.3:
  version "0.0.3"
  resolved "https://registry.npmmirror.com/tr46/-/tr46-0.0.3.tgz#8184fd347dac9cdc185992f3a6622e14b9d9ab6a"
  integrity sha512-N3WMsuqV66lT30CrXNbEjx4GEwlow3v6rr4mCcv6prnfwhS01rkgyFdjPNBYd9br7LpXV1+Emh01fHnq2Gdgrw==

ts-is-present@^1.1.1:
  version "1.2.2"
  resolved "https://registry.npmmirror.com/ts-is-present/-/ts-is-present-1.2.2.tgz#ba59b4a9d2bc22b99d1ba7f4af3d5eb320408d95"
  integrity sha512-cA5MPLWGWYXvnlJb4TamUUx858HVHBsxxdy8l7jxODOLDyGYnQOllob2A2jyDghGa5iJHs2gzFNHvwGJ0ZfR8g==

uri-js@^4.2.2:
  version "4.4.1"
  resolved "https://registry.npmmirror.com/uri-js/-/uri-js-4.4.1.tgz#9b1a52595225859e55f669d928f88c6c57f2a77e"
  integrity sha512-7rKUyy33Q1yc98pQ1DAmLtwX109F7TIfWlW1Ydo8Wl1ii1SeHieeh0HHfPeL2fMXK6z0s8ecKs9frCuLJvndBg==
  dependencies:
    punycode "^2.1.0"

urijs@^1.19.10:
  version "1.19.11"
  resolved "https://registry.npmmirror.com/urijs/-/urijs-1.19.11.tgz#204b0d6b605ae80bea54bea39280cdb7c9f923cc"
  integrity sha512-HXgFDgDommxn5/bIv0cnQZsPhHDA90NPHD6+c/v21U5+Sx5hoP8+dP9IZXBU1gIfvdRfhG8cel9QNPeionfcCQ==

webidl-conversions@^3.0.0:
  version "3.0.1"
  resolved "https://registry.npmmirror.com/webidl-conversions/-/webidl-conversions-3.0.1.tgz#24534275e2a7bc6be7bc86611cc16ae0a5654871"
  integrity sha512-2JAn3z8AR6rjK8Sm8orRC0h/bcl/DqL7tRPdGZ4I1CjdF+EaMLmYxBHyXuKL849eucPFhvBoxMsflfOb8kxaeQ==

whatwg-fetch@^3.4.1:
  version "3.6.2"
  resolved "https://registry.npmmirror.com/whatwg-fetch/-/whatwg-fetch-3.6.2.tgz#dced24f37f2624ed0281725d51d0e2e3fe677f8c"
  integrity sha512-bJlen0FcuU/0EMLrdbJ7zOnW6ITZLrZMIarMUVmdKtsGvZna8vxKYaexICWPfZ8qwf9fzNq+UEIZrnSaApt6RA==

whatwg-url@^5.0.0:
  version "5.0.0"
  resolved "https://registry.npmmirror.com/whatwg-url/-/whatwg-url-5.0.0.tgz#966454e8765462e37644d3626f6742ce8b70965d"
  integrity sha512-saE57nupxk6v3HY35+jzBwYa0rKSy0XR8JSxZPwgLr7ys0IBzhGviA1/TUGJLmSVqs8pb9AnvICXEuOHLprYTw==
  dependencies:
    tr46 "~0.0.3"
    webidl-conversions "^3.0.0"
